
Microsoft Visual Studio Solution File, Format Version 12.00
# Visual Studio Version 17
VisualStudioVersion = 17.10.35004.147
MinimumVisualStudioVersion = 10.0.40219.1
Project("{FAE04EC0-301F-11D3-BF4B-00C04F79EFBC}") = "SistemaDeGestionDeHorariosDeTutoriasAcademicas_Cliente", "SistemaDeGestiónDeHorariosDeTutoríasAcadémicas_Cliente\SistemaDeGestionDeHorariosDeTutoriasAcademicas_Cliente.csproj", "{9BB9CC7A-AA44-4494-B3BE-788E6EF85DBB}"
EndProject
Project("{FAE04EC0-301F-11D3-BF4B-00C04F79EFBC}") = "Utilidades", "Utilidades\Utilidades.csproj", "{5D557B46-394E-461C-BD21-D3C79DA2CCF4}"
EndProject
Project("{FAE04EC0-301F-11D3-BF4B-00C04F79EFBC}") = "Logica", "Logica\Logica.csproj", "{0F7D7381-4945-47A5-9AE9-0146650B4E27}"
EndProject
Global
	GlobalSection(SolutionConfigurationPlatforms) = preSolution
		Debug|Any CPU = Debug|Any CPU
		Release|Any CPU = Release|Any CPU
	EndGlobalSection
	GlobalSection(ProjectConfigurationPlatforms) = postSolution
		{9BB9CC7A-AA44-4494-B3BE-788E6EF85DBB}.Debug|Any CPU.ActiveCfg = Debug|Any CPU
		{9BB9CC7A-AA44-4494-B3BE-788E6EF85DBB}.Debug|Any CPU.Build.0 = Debug|Any CPU
		{9BB9CC7A-AA44-4494-B3BE-788E6EF85DBB}.Release|Any CPU.ActiveCfg = Release|Any CPU
		{9BB9CC7A-AA44-4494-B3BE-788E6EF85DBB}.Release|Any CPU.Build.0 = Release|Any CPU
		{5D557B46-394E-461C-BD21-D3C79DA2CCF4}.Debug|Any CPU.ActiveCfg = Debug|Any CPU
		{5D557B46-394E-461C-BD21-D3C79DA2CCF4}.Debug|Any CPU.Build.0 = Debug|Any CPU
		{5D557B46-394E-461C-BD21-D3C79DA2CCF4}.Release|Any CPU.ActiveCfg = Release|Any CPU
		{5D557B46-394E-461C-BD21-D3C79DA2CCF4}.Release|Any CPU.Build.0 = Release|Any CPU
		{0F7D7381-4945-47A5-9AE9-0146650B4E27}.Debug|Any CPU.ActiveCfg = Debug|Any CPU
		{0F7D7381-4945-47A5-9AE9-0146650B4E27}.Debug|Any CPU.Build.0 = Debug|Any CPU
		{0F7D7381-4945-47A5-9AE9-0146650B4E27}.Release|Any CPU.ActiveCfg = Release|Any CPU
		{0F7D7381-4945-47A5-9AE9-0146650B4E27}.Release|Any CPU.Build.0 = Release|Any CPU
	EndGlobalSection
	GlobalSection(SolutionProperties) = preSolution
		HideSolutionNode = FALSE
	EndGlobalSection
	GlobalSection(ExtensibilityGlobals) = postSolution
		SolutionGuid = {618209E4-B27E-411B-AED8-D87EBDC4D446}
	EndGlobalSection
EndGlobal
